<?xml version="1.0" encoding="utf-8"?>
<Project ToolsVersion="4.0" xmlns="http://schemas.microsoft.com/developer/msbuild/2003">
  <ItemGroup>
    <Filter Include="Source Files">
      <UniqueIdentifier>{4FC737F1-C7A5-4376-A066-2A32D752A2FF}</UniqueIdentifier>
      <Extensions>cpp;c;cc;cxx;def;odl;idl;hpj;bat;asm;asmx</Extensions>
    </Filter>
    <Filter Include="Header Files">
      <UniqueIdentifier>{93995380-89BD-4b04-88EB-625FBE52EBFB}</UniqueIdentifier>
      <Extensions>h;hpp;hxx;hm;inl;inc;xsd</Extensions>
    </Filter>
    <Filter Include="Resource Files">
      <UniqueIdentifier>{67DA6AB6-F800-4c08-8B7A-83BB121AAD01}</UniqueIdentifier>
      <Extensions>rc;ico;cur;bmp;dlg;rc2;rct;bin;rgs;gif;jpg;jpeg;jpe;resx;tiff;tif;png;wav;mfcribbon-ms</Extensions>
    </Filter>
  </ItemGroup>
  <ItemGroup>
    <None Include="Quadrotor.ino" />
  </ItemGroup>
  <ItemGroup>
    <ClInclude Include="Visual Micro\.Quadrotor.vsarduino.h">
      <Filter>Header Files</Filter>
    </ClInclude>
    <ClInclude Include="Quadrotor.h">
      <Filter>Header Files</Filter>
    </ClInclude>
    <ClInclude Include="ADXL345.h">
      <Filter>Header Files</Filter>
    </ClInclude>
    <ClInclude Include="ITG3200.h">
      <Filter>Header Files</Filter>
    </ClInclude>
    <ClInclude Include="I2C.h">
      <Filter>Header Files</Filter>
    </ClInclude>
    <ClInclude Include="IMU.h">
      <Filter>Header Files</Filter>
    </ClInclude>
    <ClInclude Include="Motor.h">
      <Filter>Header Files</Filter>
    </ClInclude>
    <ClInclude Include="HMC5883L.h">
      <Filter>Header Files</Filter>
    </ClInclude>
    <ClInclude Include="QuadrotorAPI.h">
      <Filter>Header Files</Filter>
    </ClInclude>
    <ClInclude Include="SparkFun9DOF.h">
      <Filter>Header Files</Filter>
    </ClInclude>
    <ClInclude Include="OrientationManager.h">
      <Filter>Header Files</Filter>
    </ClInclude>
    <ClInclude Include="Test.h">
      <Filter>Header Files</Filter>
    </ClInclude>
    <ClInclude Include="AbstractIMUSensor.h">
      <Filter>Header Files</Filter>
    </ClInclude>
    <ClInclude Include="ControllerManager.h">
      <Filter>Header Files</Filter>
    </ClInclude>
    <ClInclude Include="PIDController.h">
      <Filter>Header Files</Filter>
    </ClInclude>
    <ClInclude Include="Bluetooth.h">
      <Filter>Header Files</Filter>
    </ClInclude>
    <ClInclude Include="Ping.h">
      <Filter>Header Files</Filter>
    </ClInclude>
    <ClInclude Include="TestCompass.h">
      <Filter>Header Files</Filter>
    </ClInclude>
    <ClInclude Include="compassTest.h">
      <Filter>Header Files</Filter>
    </ClInclude>
  </ItemGroup>
  <ItemGroup>
    <ClCompile Include="Quadrotor.cpp">
      <Filter>Source Files</Filter>
    </ClCompile>
    <ClCompile Include="main.cpp">
      <Filter>Source Files</Filter>
    </ClCompile>
    <ClCompile Include="ADXL345.cpp">
      <Filter>Source Files</Filter>
    </ClCompile>
    <ClCompile Include="HMC5883L.cpp">
      <Filter>Source Files</Filter>
    </ClCompile>
    <ClCompile Include="ITG3200.cpp">
      <Filter>Source Files</Filter>
    </ClCompile>
    <ClCompile Include="I2C.cpp">
      <Filter>Source Files</Filter>
    </ClCompile>
    <ClCompile Include="Motor.cpp">
      <Filter>Source Files</Filter>
    </ClCompile>
    <ClCompile Include="SparkFun9DOF.cpp">
      <Filter>Source Files</Filter>
    </ClCompile>
    <ClCompile Include="OrientationManager.cpp">
      <Filter>Source Files</Filter>
    </ClCompile>
    <ClCompile Include="QuadrotorAPI.cpp">
      <Filter>Source Files</Filter>
    </ClCompile>
    <ClCompile Include="Test.cpp">
      <Filter>Source Files</Filter>
    </ClCompile>
    <ClCompile Include="ControllerManager.cpp">
      <Filter>Source Files</Filter>
    </ClCompile>
    <ClCompile Include="PIDController.cpp">
      <Filter>Source Files</Filter>
    </ClCompile>
    <ClCompile Include="Bluetooth.cpp">
      <Filter>Source Files</Filter>
    </ClCompile>
    <ClCompile Include="Ping.cpp">
      <Filter>Source Files</Filter>
    </ClCompile>
    <ClCompile Include="TestCompass.cpp">
      <Filter>Source Files</Filter>
    </ClCompile>
    <ClCompile Include="compassTest.cpp">
      <Filter>Source Files</Filter>
    </ClCompile>
  </ItemGroup>
</Project>